
Microsoft Visual Studio Solution File, Format Version 12.00
# Visual Studio Version 17
VisualStudioVersion = 17.11.35312.102
MinimumVisualStudioVersion = 10.0.40219.1
Project("{F14B399A-7131-4C87-9E4B-1186C45EF12D}") = "RS_Spotify", "RS_Spotify.rptproj", "{CDB64C5E-487F-4FF0-927A-592013A447F9}"
EndProject
Global
	GlobalSection(SolutionConfigurationPlatforms) = preSolution
		Debug|Default = Debug|Default
		DebugLocal|Default = DebugLocal|Default
		Release|Default = Release|Default
	EndGlobalSection
	GlobalSection(ProjectConfigurationPlatforms) = postSolution
		{CDB64C5E-487F-4FF0-927A-592013A447F9}.Debug|Default.ActiveCfg = Debug
		{CDB64C5E-487F-4FF0-927A-592013A447F9}.Debug|Default.Build.0 = Debug
		{CDB64C5E-487F-4FF0-927A-592013A447F9}.Debug|Default.Deploy.0 = Debug
		{CDB64C5E-487F-4FF0-927A-592013A447F9}.DebugLocal|Default.ActiveCfg = DebugLocal
		{CDB64C5E-487F-4FF0-927A-592013A447F9}.DebugLocal|Default.Build.0 = DebugLocal
		{CDB64C5E-487F-4FF0-927A-592013A447F9}.Release|Default.ActiveCfg = Release
		{CDB64C5E-487F-4FF0-927A-592013A447F9}.Release|Default.Build.0 = Release
		{CDB64C5E-487F-4FF0-927A-592013A447F9}.Release|Default.Deploy.0 = Release
	EndGlobalSection
	GlobalSection(SolutionProperties) = preSolution
		HideSolutionNode = FALSE
	EndGlobalSection
	GlobalSection(ExtensibilityGlobals) = postSolution
		SolutionGuid = {FE251846-A845-482B-A6CD-3EF2E699463F}
	EndGlobalSection
EndGlobal
