
Microsoft Visual Studio Solution File, Format Version 12.00
# Visual Studio Version 17
VisualStudioVersion = 17.11.35312.102
MinimumVisualStudioVersion = 10.0.40219.1
Project("{D2ABAB84-BF74-430A-B69E-9DC6D40DDA17}") = "AS_Spotify", "AS_Spotify.dwproj", "{3D0B45CC-39E0-4907-B93A-AD48F68870E0}"
EndProject
Global
	GlobalSection(SolutionConfigurationPlatforms) = preSolution
		Development|Default = Development|Default
	EndGlobalSection
	GlobalSection(ProjectConfigurationPlatforms) = postSolution
		{3D0B45CC-39E0-4907-B93A-AD48F68870E0}.Development|Default.ActiveCfg = Development
		{3D0B45CC-39E0-4907-B93A-AD48F68870E0}.Development|Default.Build.0 = Development
		{3D0B45CC-39E0-4907-B93A-AD48F68870E0}.Development|Default.Deploy.0 = Development
	EndGlobalSection
	GlobalSection(SolutionProperties) = preSolution
		HideSolutionNode = FALSE
	EndGlobalSection
	GlobalSection(ExtensibilityGlobals) = postSolution
		SolutionGuid = {4032EC8E-FACD-42F7-B580-C84D42C39BB1}
	EndGlobalSection
EndGlobal
